# This file is automatically @generated by Cargo.
# It is not intended for manual editing.
version = 3

[[package]]
name = "archery"
version = "0.5.0"
source = "registry+https://github.com/rust-lang/crates.io-index"
checksum = "b6cd774058b1b415c4855d8b86436c04bf050c003156fe24bc326fb3fe75c343"
dependencies = [
 "static_assertions",
]

[[package]]
name = "lazy_static"
version = "1.4.0"
source = "registry+https://github.com/rust-lang/crates.io-index"
checksum = "e2abad23fbc42b3700f2f279844dc832adb2b2eb069b2df918f455c4e18cc646"

[[package]]
name = "proof"
version = "0.1.0"
dependencies = [
 "lazy_static",
 "rpds",
]

[[package]]
name = "rpds"
version = "0.13.0"
source = "registry+https://github.com/rust-lang/crates.io-index"
checksum = "9bd6ce569b15c331b1e5fd8cf6adb0bf240678b5f0cdc4d0f41e11683f6feba9"
dependencies = [
 "archery",
]

[[package]]
name = "static_assertions"
version = "1.1.0"
source = "registry+https://github.com/rust-lang/crates.io-index"
checksum = "a2eb9349b6444b326872e140eb1cf5e7c522154d69e7a0ffb0fb81c06b37543f"
